
Microsoft Visual Studio Solution File, Format Version 12.00
# Visual Studio Version 17
VisualStudioVersion = 17.3.32804.467
MinimumVisualStudioVersion = 10.0.40219.1
Project("{FAE04EC0-301F-11D3-BF4B-00C04F79EFBC}") = "Utilities", "Utilities\Utilities.csproj", "{08AFA65F-1ACE-4D15-AA74-A57E67B92939}"
EndProject
Global
	GlobalSection(SolutionConfigurationPlatforms) = preSolution
		Debug|Any CPU = Debug|Any CPU
		Release|Any CPU = Release|Any CPU
	EndGlobalSection
	GlobalSection(ProjectConfigurationPlatforms) = postSolution
		{08AFA65F-1ACE-4D15-AA74-A57E67B92939}.Debug|Any CPU.ActiveCfg = Debug|Any CPU
		{08AFA65F-1ACE-4D15-AA74-A57E67B92939}.Debug|Any CPU.Build.0 = Debug|Any CPU
		{08AFA65F-1ACE-4D15-AA74-A57E67B92939}.Release|Any CPU.ActiveCfg = Release|Any CPU
		{08AFA65F-1ACE-4D15-AA74-A57E67B92939}.Release|Any CPU.Build.0 = Release|Any CPU
	EndGlobalSection
	GlobalSection(SolutionProperties) = preSolution
		HideSolutionNode = FALSE
	EndGlobalSection
	GlobalSection(ExtensibilityGlobals) = postSolution
		SolutionGuid = {7AFFEE67-06F3-4EF5-9A91-9E9EB8FD45AA}
	EndGlobalSection
EndGlobal
